
Microsoft Visual Studio Solution File, Format Version 12.00
# Visual Studio 15
VisualStudioVersion = 15.0.28307.852
MinimumVisualStudioVersion = 10.0.40219.1
Project("{FAE04EC0-301F-11D3-BF4B-00C04F79EFBC}") = "SehirRehberi.API", "SehirRehberi.API\SehirRehberi.API.csproj", "{811C3BB0-70A5-4D9A-8D57-4EC9229F66FB}"
EndProject
Global
	GlobalSection(SolutionConfigurationPlatforms) = preSolution
		Debug|Any CPU = Debug|Any CPU
		Release|Any CPU = Release|Any CPU
	EndGlobalSection
	GlobalSection(ProjectConfigurationPlatforms) = postSolution
		{811C3BB0-70A5-4D9A-8D57-4EC9229F66FB}.Debug|Any CPU.ActiveCfg = Debug|Any CPU
		{811C3BB0-70A5-4D9A-8D57-4EC9229F66FB}.Debug|Any CPU.Build.0 = Debug|Any CPU
		{811C3BB0-70A5-4D9A-8D57-4EC9229F66FB}.Release|Any CPU.ActiveCfg = Release|Any CPU
		{811C3BB0-70A5-4D9A-8D57-4EC9229F66FB}.Release|Any CPU.Build.0 = Release|Any CPU
	EndGlobalSection
	GlobalSection(SolutionProperties) = preSolution
		HideSolutionNode = FALSE
	EndGlobalSection
	GlobalSection(ExtensibilityGlobals) = postSolution
		SolutionGuid = {F28767CE-12C7-4BF9-90F7-ACC2CF922F22}
	EndGlobalSection
EndGlobal
